
Microsoft Visual Studio Solution File, Format Version 12.00
# Visual Studio Version 16
VisualStudioVersion = 16.0.30804.86
MinimumVisualStudioVersion = 10.0.40219.1
Project("{FAE04EC0-301F-11D3-BF4B-00C04F79EFBC}") = "ReactNumbers", "ReactNumbers\ReactNumbers.csproj", "{82B9195E-535F-4491-96B8-95BCFEE08723}"
EndProject
Global
	GlobalSection(SolutionConfigurationPlatforms) = preSolution
		Debug|Any CPU = Debug|Any CPU
		Release|Any CPU = Release|Any CPU
	EndGlobalSection
	GlobalSection(ProjectConfigurationPlatforms) = postSolution
		{82B9195E-535F-4491-96B8-95BCFEE08723}.Debug|Any CPU.ActiveCfg = Debug|Any CPU
		{82B9195E-535F-4491-96B8-95BCFEE08723}.Debug|Any CPU.Build.0 = Debug|Any CPU
		{82B9195E-535F-4491-96B8-95BCFEE08723}.Release|Any CPU.ActiveCfg = Release|Any CPU
		{82B9195E-535F-4491-96B8-95BCFEE08723}.Release|Any CPU.Build.0 = Release|Any CPU
	EndGlobalSection
	GlobalSection(SolutionProperties) = preSolution
		HideSolutionNode = FALSE
	EndGlobalSection
	GlobalSection(ExtensibilityGlobals) = postSolution
		SolutionGuid = {1D8EAABB-F34E-4F05-8D89-DD8D07AD5C53}
	EndGlobalSection
EndGlobal
